{
    "_readme": [
        "This file locks the dependencies of your project to a known state",
        "Read more about it at https://getcomposer.org/doc/01-basic-usage.md#composer-lock-the-lock-file",
        "This file is @generated automatically"
    ],
    "content-hash": "a8c69fbeb26bd7a722ec3ddb33a30c3b",
    "packages": [
        {
            "name": "phore/core",
            "version": "dev-master",
            "source": {
                "type": "git",
                "url": "https://github.com/phore/phore-core.git",
                "reference": "0f3c0741a40a8fa1f7cecbda7338e13abd4c65ef"
            },
            "dist": {
                "type": "zip",
                "url": "https://api.github.com/repos/phore/phore-core/zipball/0f3c0741a40a8fa1f7cecbda7338e13abd4c65ef",
                "reference": "0f3c0741a40a8fa1f7cecbda7338e13abd4c65ef",
                "shasum": ""
            },
            "require": {
                "php": ">=7.1"
            },
            "require-dev": {
                "phpunit/phpunit": "*"
            },
            "type": "library",
            "autoload": {
                "psr-4": {
                    "Phore\\Core\\": "src/"
                },
                "files": [
                    "src/functions.inc.php"
                ]
            },
            "notification-url": "https://packagist.org/downloads/",
            "license": [
                "MIT"
            ],
            "authors": [
                {
                    "name": "Matthias Leuffen",
                    "email": "m@tth.es"
                }
            ],
            "description": "Phore core library",
            "time": "2019-04-26T16:16:41+00:00"
        },
        {
            "name": "phore/di-base",
            "version": "v2.1.1",
            "source": {
                "type": "git",
                "url": "https://github.com/phore/phore-di-base.git",
                "reference": "fef0410bef4d3db8a4c586e85f3c6d6bec830a1b"
            },
            "dist": {
                "type": "zip",
                "url": "https://api.github.com/repos/phore/phore-di-base/zipball/fef0410bef4d3db8a4c586e85f3c6d6bec830a1b",
                "reference": "fef0410bef4d3db8a4c586e85f3c6d6bec830a1b",
                "shasum": ""
            },
            "require": {
                "php": ">=7.0",
                "psr/container": "^1.0"
            },
            "require-dev": {
                "phpunit/phpunit": "*"
            },
            "type": "library",
            "extra": {
                "branch-alias": {
                    "dev-master": "0.1-dev"
                }
            },
            "autoload": {
                "psr-4": {
                    "Phore\\Di\\": "src/Di"
                }
            },
            "notification-url": "https://packagist.org/downloads/",
            "license": [
                "MIT"
            ],
            "authors": [
                {
                    "name": "Matthias Leuffen",
                    "email": "matthes@leuffen.de"
                }
            ],
            "description": "Dependency Injection Base Classes and Interfaces",
            "homepage": "https://getgismo.com",
            "keywords": [
                "Phore",
                "dependency injection",
                "di"
            ],
            "time": "2018-07-10T05:48:13+00:00"
        },
        {
            "name": "phore/html",
            "version": "dev-master",
            "source": {
                "type": "git",
                "url": "https://github.com/phore/phore-html.git",
                "reference": "26f21281bb5a7a2e20828cbdc16421f16fff8da9"
            },
            "dist": {
                "type": "zip",
                "url": "https://api.github.com/repos/phore/phore-html/zipball/26f21281bb5a7a2e20828cbdc16421f16fff8da9",
                "reference": "26f21281bb5a7a2e20828cbdc16421f16fff8da9",
                "shasum": ""
            },
            "require": {
                "ext-pcre": "*",
                "php": ">7.0"
            },
            "require-dev": {
                "erusev/parsedown-extra": "^0.7",
                "phpunit/phpunit": "*",
                "psr/http-message": "^1.0"
            },
            "suggest": {
                "erusev/parsedown-extra": "required to use markdown() methods"
            },
            "type": "library",
            "autoload": {
                "psr-4": {
                    "Phore\\Html\\": "src/"
                },
                "files": [
                    "src/functions.inc.php"
                ]
            },
            "notification-url": "https://packagist.org/downloads/",
            "license": [
                "MIT"
            ],
            "authors": [
                {
                    "name": "Matthias Leuffen",
                    "email": "leuffen@continue.de"
                }
            ],
            "description": "Fluent HTML Template api",
            "time": "2019-04-08T13:28:45+00:00"
        },
        {
            "name": "phore/micro-app",
            "version": "dev-master",
            "source": {
                "type": "git",
                "url": "https://github.com/phore/phore-micro-app.git",
                "reference": "0c3eba562bf9c42e20c082fb0f37484496463d5f"
            },
            "dist": {
                "type": "zip",
                "url": "https://api.github.com/repos/phore/phore-micro-app/zipball/0c3eba562bf9c42e20c082fb0f37484496463d5f",
                "reference": "0c3eba562bf9c42e20c082fb0f37484496463d5f",
                "shasum": ""
            },
            "require": {
                "ext-json": "*",
                "ext-yaml": "*",
                "phore/core": "dev-master",
                "phore/di-base": "2.1.1",
                "php": ">7.1"
            },
            "require-dev": {
                "phore/http-client": "*",
                "phore/theme-coreui": "dev-master",
                "phpunit/phpunit": "*"
            },
            "type": "library",
            "autoload": {
                "psr-4": {
                    "Phore\\MicroApp\\": "src/"
                },
                "files": [
                    "src/functions.php"
                ]
            },
            "notification-url": "https://packagist.org/downloads/",
            "license": [
                "MIT"
            ],
            "authors": [
                {
                    "name": "Matthias Leuffen",
                    "email": "leuffen@continue.de"
                }
            ],
            "description": "Micro framework for rest api webservices",
            "time": "2019-05-02T11:34:27+00:00"
        },
        {
            "name": "phore/theme-bootstrap",
            "version": "dev-master",
            "source": {
                "type": "git",
                "url": "https://github.com/phore/phore-theme-bootstrap.git",
                "reference": "b3b38f8f96c360f1a59423f8c1161c6c1428d447"
            },
            "dist": {
                "type": "zip",
                "url": "https://api.github.com/repos/phore/phore-theme-bootstrap/zipball/b3b38f8f96c360f1a59423f8c1161c6c1428d447",
                "reference": "b3b38f8f96c360f1a59423f8c1161c6c1428d447",
                "shasum": ""
            },
            "require": {
                "phore/html": ">=0.2",
                "php": ">7.0"
            },
            "require-dev": {
                "erusev/parsedown-extra": "dev-master",
                "phore/micro-app": "*"
            },
            "type": "library",
            "autoload": {
                "psr-4": {
                    "Phore\\Theme\\Bootstrap\\": "src/"
                },
                "files": []
            },
            "notification-url": "https://packagist.org/downloads/",
            "license": [
                "MIT"
            ],
            "authors": [
                {
                    "name": "Matthias Leuffen",
                    "email": "leuffen@continue.de"
                }
            ],
            "description": "Bootstrap 4 Theme using fluent HTML",
            "time": "2019-04-10T09:24:06+00:00"
        },
        {
            "name": "phore/theme-coreui",
            "version": "dev-master",
            "source": {
                "type": "git",
                "url": "https://github.com/phore/phore-theme-coreui.git",
                "reference": "afdc045452e6f3b958ba08f5ce9280b13c4b861a"
            },
            "dist": {
                "type": "zip",
                "url": "https://api.github.com/repos/phore/phore-theme-coreui/zipball/afdc045452e6f3b958ba08f5ce9280b13c4b861a",
                "reference": "afdc045452e6f3b958ba08f5ce9280b13c4b861a",
                "shasum": ""
            },
            "require": {
                "phore/theme-bootstrap": ">=0.2",
                "php": ">7.0"
            },
            "require-dev": {
                "phore/micro-app": "*"
            },
            "type": "library",
            "autoload": {
                "psr-4": {
                    "Phore\\Theme\\CoreUI\\": "src/"
                },
                "files": []
            },
            "notification-url": "https://packagist.org/downloads/",
            "license": [
                "MIT"
            ],
            "authors": [
                {
                    "name": "Matthias Leuffen",
                    "email": "leuffen@continue.de"
                }
            ],
            "description": "CoreUI theme",
            "time": "2019-03-08T11:17:48+00:00"
        },
        {
            "name": "psr/container",
            "version": "dev-master",
            "source": {
                "type": "git",
                "url": "https://github.com/php-fig/container.git",
                "reference": "014d250daebff39eba15ba990eeb2a140798e77c"
            },
            "dist": {
                "type": "zip",
                "url": "https://api.github.com/repos/php-fig/container/zipball/014d250daebff39eba15ba990eeb2a140798e77c",
                "reference": "014d250daebff39eba15ba990eeb2a140798e77c",
                "shasum": ""
            },
            "require": {
                "php": ">=5.3.0"
            },
            "type": "library",
            "extra": {
                "branch-alias": {
                    "dev-master": "1.0.x-dev"
                }
            },
            "autoload": {
                "psr-4": {
                    "Psr\\Container\\": "src/"
                }
            },
            "notification-url": "https://packagist.org/downloads/",
            "license": [
                "MIT"
            ],
            "authors": [
                {
                    "name": "PHP-FIG",
                    "homepage": "http://www.php-fig.org/"
                }
            ],
            "description": "Common Container Interface (PHP FIG PSR-11)",
            "homepage": "https://github.com/php-fig/container",
            "keywords": [
                "PSR-11",
                "container",
                "container-interface",
                "container-interop",
                "psr"
            ],
            "time": "2018-12-29T15:36:03+00:00"
        }
    ],
    "packages-dev": [],
    "aliases": [],
    "minimum-stability": "dev",
    "stability-flags": [],
    "prefer-stable": false,
    "prefer-lowest": false,
    "platform": {
        "php": ">=7.1"
    },
    "platform-dev": []
}
