{
    "_readme": [
        "This file locks the dependencies of your project to a known state",
        "Read more about it at https://getcomposer.org/doc/01-basic-usage.md#composer-lock-the-lock-file",
        "This file is @generated automatically"
    ],
    "content-hash": "a8c69fbeb26bd7a722ec3ddb33a30c3b",
    "packages": [
        {
            "name": "phore/core",
            "version": "dev-master",
            "source": {
                "type": "git",
                "url": "https://github.com/phore/phore-core.git",
                "reference": "b388e34c0a6a96f6afa62cef3713d7add58984ae"
            },
            "dist": {
                "type": "zip",
                "url": "https://api.github.com/repos/phore/phore-core/zipball/b388e34c0a6a96f6afa62cef3713d7add58984ae",
                "reference": "b388e34c0a6a96f6afa62cef3713d7add58984ae",
                "shasum": ""
            },
            "require": {
                "php": ">=7.1"
            },
            "require-dev": {
                "phpunit/phpunit": "*"
            },
            "type": "library",
            "autoload": {
                "psr-4": {
                    "Phore\\Core\\": "src/"
                },
                "files": [
                    "src/functions.inc.php"
                ]
            },
            "notification-url": "https://packagist.org/downloads/",
            "license": [
                "MIT"
            ],
            "authors": [
                {
                    "name": "Matthias Leuffen",
                    "email": "m@tth.es"
                }
            ],
            "description": "Phore core library",
            "time": "2018-12-13T14:17:07+00:00"
        },
        {
            "name": "phore/di-base",
            "version": "v2.1.1",
            "source": {
                "type": "git",
                "url": "https://github.com/phore/phore-di-base.git",
                "reference": "fef0410bef4d3db8a4c586e85f3c6d6bec830a1b"
            },
            "dist": {
                "type": "zip",
                "url": "https://api.github.com/repos/phore/phore-di-base/zipball/fef0410bef4d3db8a4c586e85f3c6d6bec830a1b",
                "reference": "fef0410bef4d3db8a4c586e85f3c6d6bec830a1b",
                "shasum": ""
            },
            "require": {
                "php": ">=7.0",
                "psr/container": "^1.0"
            },
            "require-dev": {
                "phpunit/phpunit": "*"
            },
            "type": "library",
            "extra": {
                "branch-alias": {
                    "dev-master": "0.1-dev"
                }
            },
            "autoload": {
                "psr-4": {
                    "Phore\\Di\\": "src/Di"
                }
            },
            "notification-url": "https://packagist.org/downloads/",
            "license": [
                "MIT"
            ],
            "authors": [
                {
                    "name": "Matthias Leuffen",
                    "email": "matthes@leuffen.de"
                }
            ],
            "description": "Dependency Injection Base Classes and Interfaces",
            "homepage": "https://getgismo.com",
            "keywords": [
                "Phore",
                "dependency injection",
                "di"
            ],
            "time": "2018-07-10T05:48:13+00:00"
        },
        {
            "name": "phore/html",
            "version": "dev-master",
            "source": {
                "type": "git",
                "url": "https://github.com/phore/phore-html.git",
                "reference": "10b933876791cdf90156341f2e3c3c9234d1ffd4"
            },
            "dist": {
                "type": "zip",
                "url": "https://api.github.com/repos/phore/phore-html/zipball/10b933876791cdf90156341f2e3c3c9234d1ffd4",
                "reference": "10b933876791cdf90156341f2e3c3c9234d1ffd4",
                "shasum": ""
            },
            "require": {
                "ext-pcre": "*",
                "php": ">7.0"
            },
            "require-dev": {
                "erusev/parsedown-extra": "^0.7",
                "phpunit/phpunit": "*",
                "psr/http-message": "^1.0"
            },
            "suggest": {
                "erusev/parsedown-extra": "required to use markdown() methods"
            },
            "type": "library",
            "autoload": {
                "psr-4": {
                    "Phore\\Html\\": "src/"
                },
                "files": [
                    "src/functions.inc.php"
                ]
            },
            "notification-url": "https://packagist.org/downloads/",
            "license": [
                "MIT"
            ],
            "authors": [
                {
                    "name": "Matthias Leuffen",
                    "email": "leuffen@continue.de"
                }
            ],
            "description": "Fluent HTML Template api",
            "time": "2018-12-13T13:19:04+00:00"
        },
        {
            "name": "phore/micro-app",
            "version": "dev-master",
            "source": {
                "type": "git",
                "url": "https://github.com/phore/phore-micro-app.git",
                "reference": "820e478a6a53d7f274348620c4fff2362675e2ed"
            },
            "dist": {
                "type": "zip",
                "url": "https://api.github.com/repos/phore/phore-micro-app/zipball/820e478a6a53d7f274348620c4fff2362675e2ed",
                "reference": "820e478a6a53d7f274348620c4fff2362675e2ed",
                "shasum": ""
            },
            "require": {
                "ext-json": "*",
                "ext-yaml": "*",
                "phore/di-base": "^2.1",
                "php": ">7.1"
            },
            "require-dev": {
                "phore/theme-coreui": "dev-master"
            },
            "type": "library",
            "autoload": {
                "psr-4": {
                    "Phore\\MicroApp\\": "src/"
                },
                "files": [
                    "src/functions.php"
                ]
            },
            "notification-url": "https://packagist.org/downloads/",
            "license": [
                "MIT"
            ],
            "authors": [
                {
                    "name": "Matthias Leuffen",
                    "email": "leuffen@continue.de"
                }
            ],
            "description": "Micro framework for rest api webservices",
            "time": "2018-11-27T13:40:55+00:00"
        },
        {
            "name": "phore/theme-bootstrap",
            "version": "dev-master",
            "source": {
                "type": "git",
                "url": "https://github.com/phore/phore-theme-bootstrap.git",
                "reference": "cefc77835ed47b787cc5643ce347df2c704da680"
            },
            "dist": {
                "type": "zip",
                "url": "https://api.github.com/repos/phore/phore-theme-bootstrap/zipball/cefc77835ed47b787cc5643ce347df2c704da680",
                "reference": "cefc77835ed47b787cc5643ce347df2c704da680",
                "shasum": ""
            },
            "require": {
                "phore/html": ">=0.2",
                "php": ">7.0"
            },
            "require-dev": {
                "phore/micro-app": "*"
            },
            "type": "library",
            "autoload": {
                "psr-4": {
                    "Phore\\Theme\\Bootstrap\\": "src/"
                },
                "files": []
            },
            "notification-url": "https://packagist.org/downloads/",
            "license": [
                "MIT"
            ],
            "authors": [
                {
                    "name": "Matthias Leuffen",
                    "email": "leuffen@continue.de"
                }
            ],
            "description": "Bootstrap 4 Theme using fluent HTML",
            "time": "2018-12-13T13:46:17+00:00"
        },
        {
            "name": "phore/theme-coreui",
            "version": "dev-master",
            "source": {
                "type": "git",
                "url": "https://github.com/phore/phore-theme-coreui.git",
                "reference": "c8dadc310e4738acfe0564bea3bdc073cce019e4"
            },
            "dist": {
                "type": "zip",
                "url": "https://api.github.com/repos/phore/phore-theme-coreui/zipball/c8dadc310e4738acfe0564bea3bdc073cce019e4",
                "reference": "c8dadc310e4738acfe0564bea3bdc073cce019e4",
                "shasum": ""
            },
            "require": {
                "phore/theme-bootstrap": ">=0.2",
                "php": ">7.0"
            },
            "require-dev": {
                "phore/micro-app": "*"
            },
            "type": "library",
            "autoload": {
                "psr-4": {
                    "Phore\\Theme\\CoreUI\\": "src/"
                },
                "files": []
            },
            "notification-url": "https://packagist.org/downloads/",
            "license": [
                "MIT"
            ],
            "authors": [
                {
                    "name": "Matthias Leuffen",
                    "email": "leuffen@continue.de"
                }
            ],
            "description": "CoreUI theme",
            "time": "2018-12-13T12:16:18+00:00"
        },
        {
            "name": "psr/container",
            "version": "dev-master",
            "source": {
                "type": "git",
                "url": "https://github.com/php-fig/container.git",
                "reference": "2cc4a01788191489dc7459446ba832fa79a216a7"
            },
            "dist": {
                "type": "zip",
                "url": "https://api.github.com/repos/php-fig/container/zipball/2cc4a01788191489dc7459446ba832fa79a216a7",
                "reference": "2cc4a01788191489dc7459446ba832fa79a216a7",
                "shasum": ""
            },
            "require": {
                "php": ">=5.3.0"
            },
            "type": "library",
            "extra": {
                "branch-alias": {
                    "dev-master": "1.0.x-dev"
                }
            },
            "autoload": {
                "psr-4": {
                    "Psr\\Container\\": "src/"
                }
            },
            "notification-url": "https://packagist.org/downloads/",
            "license": [
                "MIT"
            ],
            "authors": [
                {
                    "name": "PHP-FIG",
                    "homepage": "http://www.php-fig.org/"
                }
            ],
            "description": "Common Container Interface (PHP FIG PSR-11)",
            "homepage": "https://github.com/php-fig/container",
            "keywords": [
                "PSR-11",
                "container",
                "container-interface",
                "container-interop",
                "psr"
            ],
            "time": "2017-06-28T15:35:32+00:00"
        }
    ],
    "packages-dev": [],
    "aliases": [],
    "minimum-stability": "dev",
    "stability-flags": [],
    "prefer-stable": false,
    "prefer-lowest": false,
    "platform": {
        "php": ">=7.1"
    },
    "platform-dev": []
}
