{
    "_readme": [
        "This file locks the dependencies of your project to a known state",
        "Read more about it at https://getcomposer.org/doc/01-basic-usage.md#composer-lock-the-lock-file",
        "This file is @generated automatically"
    ],
    "content-hash": "8097a0076ea051cabc9927c436812c39",
    "packages": [
        {
            "name": "phore/di-base",
            "version": "v2.1.1",
            "source": {
                "type": "git",
                "url": "https://github.com/phore/phore-di-base.git",
                "reference": "fef0410bef4d3db8a4c586e85f3c6d6bec830a1b"
            },
            "dist": {
                "type": "zip",
                "url": "https://api.github.com/repos/phore/phore-di-base/zipball/fef0410bef4d3db8a4c586e85f3c6d6bec830a1b",
                "reference": "fef0410bef4d3db8a4c586e85f3c6d6bec830a1b",
                "shasum": ""
            },
            "require": {
                "php": ">=7.0",
                "psr/container": "^1.0"
            },
            "require-dev": {
                "phpunit/phpunit": "*"
            },
            "type": "library",
            "extra": {
                "branch-alias": {
                    "dev-master": "0.1-dev"
                }
            },
            "autoload": {
                "psr-4": {
                    "Phore\\Di\\": "src/Di"
                }
            },
            "notification-url": "https://packagist.org/downloads/",
            "license": [
                "MIT"
            ],
            "authors": [
                {
                    "name": "Matthias Leuffen",
                    "email": "matthes@leuffen.de"
                }
            ],
            "description": "Dependency Injection Base Classes and Interfaces",
            "homepage": "https://getgismo.com",
            "keywords": [
                "Phore",
                "dependency injection",
                "di"
            ],
            "time": "2018-07-10T05:48:13+00:00"
        },
        {
            "name": "phore/html",
            "version": "dev-master",
            "source": {
                "type": "git",
                "url": "https://github.com/phore/phore-html.git",
                "reference": "9dd9fbebec17afbf559cc6b25b56a13c6a728ccb"
            },
            "dist": {
                "type": "zip",
                "url": "https://api.github.com/repos/phore/phore-html/zipball/9dd9fbebec17afbf559cc6b25b56a13c6a728ccb",
                "reference": "9dd9fbebec17afbf559cc6b25b56a13c6a728ccb",
                "shasum": ""
            },
            "require": {
                "ext-pcre": "*",
                "php": ">7.0"
            },
            "require-dev": {
                "erusev/parsedown-extra": "^0.7.1",
                "psr/http-message": "^1.0"
            },
            "suggest": {
                "erusev/parsedown-extra": "required to use markdown() methods"
            },
            "type": "library",
            "autoload": {
                "psr-4": {
                    "Phore\\Html\\": "src/"
                },
                "files": [
                    "src/functions.inc.php"
                ]
            },
            "notification-url": "https://packagist.org/downloads/",
            "license": [
                "MIT"
            ],
            "authors": [
                {
                    "name": "Matthias Leuffen",
                    "email": "leuffen@continue.de"
                }
            ],
            "time": "2018-10-26T14:42:44+00:00"
        },
        {
            "name": "phore/micro-app",
            "version": "v0.2",
            "source": {
                "type": "git",
                "url": "https://github.com/phore/phore-micro-app.git",
                "reference": "733358386c285acd969d5e7db27ef8a6bf660cac"
            },
            "dist": {
                "type": "zip",
                "url": "https://api.github.com/repos/phore/phore-micro-app/zipball/733358386c285acd969d5e7db27ef8a6bf660cac",
                "reference": "733358386c285acd969d5e7db27ef8a6bf660cac",
                "shasum": ""
            },
            "require": {
                "ext-json": "*",
                "ext-yaml": "*",
                "phore/di-base": "^2.1",
                "php": ">7.1"
            },
            "require-dev": {
                "phore/theme-coreui": "dev-master"
            },
            "type": "library",
            "autoload": {
                "psr-4": {
                    "Phore\\MicroApp\\": "src/"
                },
                "files": [
                    "src/functions.php"
                ]
            },
            "notification-url": "https://packagist.org/downloads/",
            "license": [
                "MIT"
            ],
            "authors": [
                {
                    "name": "Matthias Leuffen",
                    "email": "leuffen@continue.de"
                }
            ],
            "description": "Micro framework for rest api webservices",
            "time": "2018-09-18T10:17:39+00:00"
        },
        {
            "name": "phore/theme-bootstrap",
            "version": "dev-master",
            "source": {
                "type": "git",
                "url": "https://github.com/phore/phore-theme-bootstrap.git",
                "reference": "86826cfc43f04a28d897d736a36014e6aff77aa7"
            },
            "dist": {
                "type": "zip",
                "url": "https://api.github.com/repos/phore/phore-theme-bootstrap/zipball/86826cfc43f04a28d897d736a36014e6aff77aa7",
                "reference": "86826cfc43f04a28d897d736a36014e6aff77aa7",
                "shasum": ""
            },
            "require": {
                "phore/html": "dev-master",
                "php": ">7.0"
            },
            "require-dev": {
                "phore/micro-app": "dev-master"
            },
            "type": "library",
            "autoload": {
                "psr-4": {
                    "Phore\\Theme\\Bootstrap\\": "src/"
                },
                "files": []
            },
            "notification-url": "https://packagist.org/downloads/",
            "license": [
                "MIT"
            ],
            "authors": [
                {
                    "name": "Matthias Leuffen",
                    "email": "leuffen@continue.de"
                }
            ],
            "time": "2018-08-23T16:34:09+00:00"
        },
        {
            "name": "phore/theme-coreui",
            "version": "dev-master",
            "source": {
                "type": "git",
                "url": "https://github.com/phore/phore-theme-coreui.git",
                "reference": "ec6b5c00717943526b0a3ae2cc8f195a694157ac"
            },
            "dist": {
                "type": "zip",
                "url": "https://api.github.com/repos/phore/phore-theme-coreui/zipball/ec6b5c00717943526b0a3ae2cc8f195a694157ac",
                "reference": "ec6b5c00717943526b0a3ae2cc8f195a694157ac",
                "shasum": ""
            },
            "require": {
                "phore/html": "dev-master",
                "phore/theme-bootstrap": "dev-master",
                "php": ">7.0"
            },
            "require-dev": {
                "phore/micro-app": "dev-master"
            },
            "type": "library",
            "autoload": {
                "psr-4": {
                    "Phore\\Theme\\CoreUI\\": "src/"
                },
                "files": []
            },
            "notification-url": "https://packagist.org/downloads/",
            "license": [
                "MIT"
            ],
            "authors": [
                {
                    "name": "Matthias Leuffen",
                    "email": "leuffen@continue.de"
                }
            ],
            "time": "2018-10-29T17:02:35+00:00"
        },
        {
            "name": "psr/container",
            "version": "dev-master",
            "source": {
                "type": "git",
                "url": "https://github.com/php-fig/container.git",
                "reference": "2cc4a01788191489dc7459446ba832fa79a216a7"
            },
            "dist": {
                "type": "zip",
                "url": "https://api.github.com/repos/php-fig/container/zipball/2cc4a01788191489dc7459446ba832fa79a216a7",
                "reference": "2cc4a01788191489dc7459446ba832fa79a216a7",
                "shasum": ""
            },
            "require": {
                "php": ">=5.3.0"
            },
            "type": "library",
            "extra": {
                "branch-alias": {
                    "dev-master": "1.0.x-dev"
                }
            },
            "autoload": {
                "psr-4": {
                    "Psr\\Container\\": "src/"
                }
            },
            "notification-url": "https://packagist.org/downloads/",
            "license": [
                "MIT"
            ],
            "authors": [
                {
                    "name": "PHP-FIG",
                    "homepage": "http://www.php-fig.org/"
                }
            ],
            "description": "Common Container Interface (PHP FIG PSR-11)",
            "homepage": "https://github.com/php-fig/container",
            "keywords": [
                "PSR-11",
                "container",
                "container-interface",
                "container-interop",
                "psr"
            ],
            "time": "2017-06-28T15:35:32+00:00"
        }
    ],
    "packages-dev": [],
    "aliases": [],
    "minimum-stability": "dev",
    "stability-flags": {
        "phore/theme-coreui": 20
    },
    "prefer-stable": false,
    "prefer-lowest": false,
    "platform": {
        "php": ">=7.1"
    },
    "platform-dev": []
}
